{
  "name": "flowplay",
  "lockfileVersion": 2,
  "requires": true,
  "packages": {
    "": {
      "dependencies": {
        "flowplayer-hlsjs": "github:flowplayer/flowplayer-hlsjs"
      }
    },
    "node_modules/flowplayer": {
      "version": "7.2.7",
      "resolved": "https://registry.npmjs.org/flowplayer/-/flowplayer-7.2.7.tgz",
      "integrity": "sha512-oC7VUewSAd0gXSsl7+zD/KLqQDCg0RzW/CXVklaa3geR9E1hE1h5FylV9PF2xmxaL6PDgrMfcnaKnD9MqiUobQ==",
      "peer": true
    },
    "node_modules/flowplayer-hlsjs": {
      "version": "1.1.1",
      "resolved": "git+ssh://git@github.com/flowplayer/flowplayer-hlsjs.git#a27e66344e36f65d93bc210e5e2fd4610885330b",
      "license": "MIT",
      "dependencies": {
        "hls.js": "0.8.4",
        "text-encoding": "https://github.com/aiham/text-encoding#remove-encoding-indexes",
        "webworkify-webpack": "^1.0.4"
      },
      "peerDependencies": {
        "flowplayer": "^6.0.3 || ^7.0.2"
      }
    },
    "node_modules/hls.js": {
      "version": "0.8.4",
      "resolved": "https://registry.npmjs.org/hls.js/-/hls.js-0.8.4.tgz",
      "integrity": "sha512-pfd859eWliHwf2xyMx3iTTaUhqGQ2VFR8P7rP05ib6Zw2Rc2EtpOdiZxQMMkmpyYrCUQJNX3xre2+XCEXE2lYw==",
      "dependencies": {
        "url-toolkit": "^2.0.1"
      }
    },
    "node_modules/text-encoding": {
      "version": "0.6.4",
      "resolved": "git+ssh://git@github.com/aiham/text-encoding.git#8d2514d674cc8054169c32e64b2af1d126422470",
      "license": "Unlicense"
    },
    "node_modules/url-toolkit": {
      "version": "2.2.5",
      "resolved": "https://registry.npmjs.org/url-toolkit/-/url-toolkit-2.2.5.tgz",
      "integrity": "sha512-mtN6xk+Nac+oyJ/PrI7tzfmomRVNFIWKUbG8jdYFt52hxbiReFAXIjYskvu64/dvuW71IcB7lV8l0HvZMac6Jg=="
    },
    "node_modules/webworkify-webpack": {
      "version": "1.1.8",
      "resolved": "https://registry.npmjs.org/webworkify-webpack/-/webworkify-webpack-1.1.8.tgz",
      "integrity": "sha512-QyXI2oGFOAPGw1wtVAelKO6/0V0ujFjuL+VtXpJet+d3mh6r6CJ6mizJOwv3xP42XmR3RviksfibHTJPJzj+NQ=="
    }
  },
  "dependencies": {
    "flowplayer": {
      "version": "7.2.7",
      "resolved": "https://registry.npmjs.org/flowplayer/-/flowplayer-7.2.7.tgz",
      "integrity": "sha512-oC7VUewSAd0gXSsl7+zD/KLqQDCg0RzW/CXVklaa3geR9E1hE1h5FylV9PF2xmxaL6PDgrMfcnaKnD9MqiUobQ==",
      "peer": true
    },
    "flowplayer-hlsjs": {
      "version": "git+ssh://git@github.com/flowplayer/flowplayer-hlsjs.git#a27e66344e36f65d93bc210e5e2fd4610885330b",
      "from": "flowplayer-hlsjs@flowplayer/flowplayer-hlsjs",
      "requires": {
        "hls.js": "0.8.4",
        "text-encoding": "https://github.com/aiham/text-encoding#remove-encoding-indexes",
        "webworkify-webpack": "^1.0.4"
      }
    },
    "hls.js": {
      "version": "0.8.4",
      "resolved": "https://registry.npmjs.org/hls.js/-/hls.js-0.8.4.tgz",
      "integrity": "sha512-pfd859eWliHwf2xyMx3iTTaUhqGQ2VFR8P7rP05ib6Zw2Rc2EtpOdiZxQMMkmpyYrCUQJNX3xre2+XCEXE2lYw==",
      "requires": {
        "url-toolkit": "^2.0.1"
      }
    },
    "text-encoding": {
      "version": "git+ssh://git@github.com/aiham/text-encoding.git#8d2514d674cc8054169c32e64b2af1d126422470",
      "from": "text-encoding@https://github.com/aiham/text-encoding#remove-encoding-indexes"
    },
    "url-toolkit": {
      "version": "2.2.5",
      "resolved": "https://registry.npmjs.org/url-toolkit/-/url-toolkit-2.2.5.tgz",
      "integrity": "sha512-mtN6xk+Nac+oyJ/PrI7tzfmomRVNFIWKUbG8jdYFt52hxbiReFAXIjYskvu64/dvuW71IcB7lV8l0HvZMac6Jg=="
    },
    "webworkify-webpack": {
      "version": "1.1.8",
      "resolved": "https://registry.npmjs.org/webworkify-webpack/-/webworkify-webpack-1.1.8.tgz",
      "integrity": "sha512-QyXI2oGFOAPGw1wtVAelKO6/0V0ujFjuL+VtXpJet+d3mh6r6CJ6mizJOwv3xP42XmR3RviksfibHTJPJzj+NQ=="
    }
  }
}
